// !$*UTF8*$!
{
	archiveVersion = 1;
	classes = {
	};
	objectVersion = 46;
	objects = {

/* Begin PBXBuildFile section */
		841A60E71DEACD730053717A /* CHCustomCell.m in Sources */ = {isa = PBXBuildFile; fileRef = 841A60E61DEACD730053717A /* CHCustomCell.m */; };
		841A611D1DF2EC5A0053717A /* VideoModel.m in Sources */ = {isa = PBXBuildFile; fileRef = 841A611C1DF2EC5A0053717A /* VideoModel.m */; };
		841A61201DF354130053717A /* CHPlayerTool.m in Sources */ = {isa = PBXBuildFile; fileRef = 841A611F1DF354130053717A /* CHPlayerTool.m */; };
		841A61291DF366EE0053717A /* CRIButtonItem.m in Sources */ = {isa = PBXBuildFile; fileRef = 841A61241DF366EE0053717A /* CRIButtonItem.m */; };
		841A612A1DF366EE0053717A /* UIActionSheet+Blocks.m in Sources */ = {isa = PBXBuildFile; fileRef = 841A61261DF366EE0053717A /* UIActionSheet+Blocks.m */; };
		841A612B1DF366EE0053717A /* UIAlertView+Blocks.m in Sources */ = {isa = PBXBuildFile; fileRef = 841A61281DF366EE0053717A /* UIAlertView+Blocks.m */; };
		841A612E1DF385870053717A /* CHAdHeaderCell.m in Sources */ = {isa = PBXBuildFile; fileRef = 841A612D1DF385870053717A /* CHAdHeaderCell.m */; };
		841A61301DF5A8710053717A /* CoreTelephony.framework in Frameworks */ = {isa = PBXBuildFile; fileRef = 841A612F1DF5A8710053717A /* CoreTelephony.framework */; };
		841A61321DF5A8980053717A /* libsqlite3.tbd in Frameworks */ = {isa = PBXBuildFile; fileRef = 841A61311DF5A8980053717A /* libsqlite3.tbd */; };
		847AA8391DE8885F007B3EF7 /* CHWebViewController.m in Sources */ = {isa = PBXBuildFile; fileRef = 847AA8381DE8885F007B3EF7 /* CHWebViewController.m */; };
		8E161B0C1DE588480070CA50 /* AFHTTPSessionManager.m in Sources */ = {isa = PBXBuildFile; fileRef = 8E161B001DE588480070CA50 /* AFHTTPSessionManager.m */; };
		8E161B0D1DE588480070CA50 /* AFNetworkReachabilityManager.m in Sources */ = {isa = PBXBuildFile; fileRef = 8E161B031DE588480070CA50 /* AFNetworkReachabilityManager.m */; };
		8E161B0E1DE588480070CA50 /* AFSecurityPolicy.m in Sources */ = {isa = PBXBuildFile; fileRef = 8E161B051DE588480070CA50 /* AFSecurityPolicy.m */; };
		8E161B0F1DE588480070CA50 /* AFURLRequestSerialization.m in Sources */ = {isa = PBXBuildFile; fileRef = 8E161B071DE588480070CA50 /* AFURLRequestSerialization.m */; };
		8E161B101DE588480070CA50 /* AFURLResponseSerialization.m in Sources */ = {isa = PBXBuildFile; fileRef = 8E161B091DE588480070CA50 /* AFURLResponseSerialization.m */; };
		8E161B111DE588480070CA50 /* AFURLSessionManager.m in Sources */ = {isa = PBXBuildFile; fileRef = 8E161B0B1DE588480070CA50 /* AFURLSessionManager.m */; };
		8E161B151DE588AF0070CA50 /* RequestTool.m in Sources */ = {isa = PBXBuildFile; fileRef = 8E161B141DE588AF0070CA50 /* RequestTool.m */; };
		8E161B491DE590050070CA50 /* MKAnnotationView+WebCache.m in Sources */ = {isa = PBXBuildFile; fileRef = 8E161B221DE590050070CA50 /* MKAnnotationView+WebCache.m */; };
		8E161B4A1DE590050070CA50 /* NSData+ImageContentType.m in Sources */ = {isa = PBXBuildFile; fileRef = 8E161B241DE590050070CA50 /* NSData+ImageContentType.m */; };
		8E161B4B1DE590050070CA50 /* NSImage+WebCache.m in Sources */ = {isa = PBXBuildFile; fileRef = 8E161B261DE590050070CA50 /* NSImage+WebCache.m */; };
		8E161B4C1DE590050070CA50 /* SDImageCache.m in Sources */ = {isa = PBXBuildFile; fileRef = 8E161B281DE590050070CA50 /* SDImageCache.m */; };
		8E161B4D1DE590050070CA50 /* SDImageCacheConfig.m in Sources */ = {isa = PBXBuildFile; fileRef = 8E161B2A1DE590050070CA50 /* SDImageCacheConfig.m */; };
		8E161B4E1DE590050070CA50 /* SDWebImageCompat.m in Sources */ = {isa = PBXBuildFile; fileRef = 8E161B2C1DE590050070CA50 /* SDWebImageCompat.m */; };
		8E161B4F1DE590050070CA50 /* SDWebImageDecoder.m in Sources */ = {isa = PBXBuildFile; fileRef = 8E161B2E1DE590050070CA50 /* SDWebImageDecoder.m */; };
		8E161B501DE590050070CA50 /* SDWebImageDownloader.m in Sources */ = {isa = PBXBuildFile; fileRef = 8E161B301DE590050070CA50 /* SDWebImageDownloader.m */; };
		8E161B511DE590050070CA50 /* SDWebImageDownloaderOperation.m in Sources */ = {isa = PBXBuildFile; fileRef = 8E161B321DE590050070CA50 /* SDWebImageDownloaderOperation.m */; };
		8E161B521DE590050070CA50 /* SDWebImageManager.m in Sources */ = {isa = PBXBuildFile; fileRef = 8E161B341DE590050070CA50 /* SDWebImageManager.m */; };
		8E161B531DE590050070CA50 /* SDWebImagePrefetcher.m in Sources */ = {isa = PBXBuildFile; fileRef = 8E161B371DE590050070CA50 /* SDWebImagePrefetcher.m */; };
		8E161B541DE590050070CA50 /* UIButton+WebCache.m in Sources */ = {isa = PBXBuildFile; fileRef = 8E161B391DE590050070CA50 /* UIButton+WebCache.m */; };
		8E161B551DE590050070CA50 /* UIImage+GIF.m in Sources */ = {isa = PBXBuildFile; fileRef = 8E161B3B1DE590050070CA50 /* UIImage+GIF.m */; };
		8E161B561DE590050070CA50 /* UIImage+MultiFormat.m in Sources */ = {isa = PBXBuildFile; fileRef = 8E161B3D1DE590050070CA50 /* UIImage+MultiFormat.m */; };
		8E161B571DE590050070CA50 /* UIImage+WebP.m in Sources */ = {isa = PBXBuildFile; fileRef = 8E161B3F1DE590050070CA50 /* UIImage+WebP.m */; };
		8E161B581DE590050070CA50 /* UIImageView+HighlightedWebCache.m in Sources */ = {isa = PBXBuildFile; fileRef = 8E161B411DE590050070CA50 /* UIImageView+HighlightedWebCache.m */; };
		8E161B591DE590050070CA50 /* UIImageView+WebCache.m in Sources */ = {isa = PBXBuildFile; fileRef = 8E161B431DE590050070CA50 /* UIImageView+WebCache.m */; };
		8E161B5A1DE590050070CA50 /* UIView+WebCache.m in Sources */ = {isa = PBXBuildFile; fileRef = 8E161B451DE590050070CA50 /* UIView+WebCache.m */; };
		8E161B5B1DE590050070CA50 /* UIView+WebCacheOperation.m in Sources */ = {isa = PBXBuildFile; fileRef = 8E161B471DE590050070CA50 /* UIView+WebCacheOperation.m */; };
		8E161B7B1DE5A68F0070CA50 /* libz.tbd in Frameworks */ = {isa = PBXBuildFile; fileRef = 8E161B7A1DE5A68F0070CA50 /* libz.tbd */; };
		8E389A4B1DED244D006C4CBF /* ComperesModel.m in Sources */ = {isa = PBXBuildFile; fileRef = 8E389A4A1DED244D006C4CBF /* ComperesModel.m */; };
		8E389A4E1DED468C006C4CBF /* VideoListController.m in Sources */ = {isa = PBXBuildFile; fileRef = 8E389A4D1DED468C006C4CBF /* VideoListController.m */; };
		8E389A511DED6018006C4CBF /* MatchViewController.m in Sources */ = {isa = PBXBuildFile; fileRef = 8E389A501DED6018006C4CBF /* MatchViewController.m */; };
		8E389A541DED6AC0006C4CBF /* MatchModel.m in Sources */ = {isa = PBXBuildFile; fileRef = 8E389A531DED6AC0006C4CBF /* MatchModel.m */; };
		8E389A581DEE71CE006C4CBF /* StrategyModel.m in Sources */ = {isa = PBXBuildFile; fileRef = 8E389A571DEE71CE006C4CBF /* StrategyModel.m */; };
		8E389A691DEE790E006C4CBF /* TAAbstractDotView.m in Sources */ = {isa = PBXBuildFile; fileRef = 8E389A5C1DEE790E006C4CBF /* TAAbstractDotView.m */; };
		8E389A6A1DEE790E006C4CBF /* TAAnimatedDotView.m in Sources */ = {isa = PBXBuildFile; fileRef = 8E389A5E1DEE790E006C4CBF /* TAAnimatedDotView.m */; };
		8E389A6B1DEE790E006C4CBF /* TADotView.m in Sources */ = {isa = PBXBuildFile; fileRef = 8E389A601DEE790E006C4CBF /* TADotView.m */; };
		8E389A6C1DEE790E006C4CBF /* TAPageControl.m in Sources */ = {isa = PBXBuildFile; fileRef = 8E389A621DEE790E006C4CBF /* TAPageControl.m */; };
		8E389A6D1DEE790E006C4CBF /* SDCollectionViewCell.m in Sources */ = {isa = PBXBuildFile; fileRef = 8E389A641DEE790E006C4CBF /* SDCollectionViewCell.m */; };
		8E389A6E1DEE790E006C4CBF /* SDCycleScrollView.m in Sources */ = {isa = PBXBuildFile; fileRef = 8E389A661DEE790E006C4CBF /* SDCycleScrollView.m */; };
		8E389A6F1DEE790E006C4CBF /* UIView+SDExtension.m in Sources */ = {isa = PBXBuildFile; fileRef = 8E389A681DEE790E006C4CBF /* UIView+SDExtension.m */; };
		8E389A761DEEB47A006C4CBF /* AdManager.m in Sources */ = {isa = PBXBuildFile; fileRef = 8E389A751DEEB47A006C4CBF /* AdManager.m */; };
		8E389AB41DF10C0F006C4CBF /* HomeViewController.m in Sources */ = {isa = PBXBuildFile; fileRef = 8E389AB31DF10C0F006C4CBF /* HomeViewController.m */; };
		8E389AB71DF120D3006C4CBF /* CHCollectionCell.m in Sources */ = {isa = PBXBuildFile; fileRef = 8E389AB61DF120D3006C4CBF /* CHCollectionCell.m */; };
		8E389ABA1DF16E4D006C4CBF /* TableViewCCell.m in Sources */ = {isa = PBXBuildFile; fileRef = 8E389AB91DF16E4D006C4CBF /* TableViewCCell.m */; };
		8E389ABD1DF17D21006C4CBF /* CCellHeadView.m in Sources */ = {isa = PBXBuildFile; fileRef = 8E389ABC1DF17D21006C4CBF /* CCellHeadView.m */; };
		8E389ABF1DF514C4006C4CBF /* UMMobClick.framework in Frameworks */ = {isa = PBXBuildFile; fileRef = 8E389ABE1DF514C4006C4CBF /* UMMobClick.framework */; };
		8E4DD5CE1DE56F2100441C04 /* main.m in Sources */ = {isa = PBXBuildFile; fileRef = 8E4DD5CD1DE56F2100441C04 /* main.m */; };
		8E4DD5D11DE56F2100441C04 /* AppDelegate.m in Sources */ = {isa = PBXBuildFile; fileRef = 8E4DD5D01DE56F2100441C04 /* AppDelegate.m */; };
		8E4DD5D91DE56F2100441C04 /* Assets.xcassets in Resources */ = {isa = PBXBuildFile; fileRef = 8E4DD5D81DE56F2100441C04 /* Assets.xcassets */; };
		8E4DD5DC1DE56F2100441C04 /* LaunchScreen.storyboard in Resources */ = {isa = PBXBuildFile; fileRef = 8E4DD5DA1DE56F2100441C04 /* LaunchScreen.storyboard */; };
		8E4DD5E51DE573FE00441C04 /* MainTabBarController.m in Sources */ = {isa = PBXBuildFile; fileRef = 8E4DD5E41DE573FE00441C04 /* MainTabBarController.m */; };
		8E7FF9231DE7D2DE0003482F /* KeepingController.m in Sources */ = {isa = PBXBuildFile; fileRef = 8E7FF90E1DE7D2DE0003482F /* KeepingController.m */; };
		8E7FF9241DE7D2DE0003482F /* RecommendController.m in Sources */ = {isa = PBXBuildFile; fileRef = 8E7FF9141DE7D2DE0003482F /* RecommendController.m */; };
		8E7FF9251DE7D2DE0003482F /* SettingController.m in Sources */ = {isa = PBXBuildFile; fileRef = 8E7FF9171DE7D2DE0003482F /* SettingController.m */; };
		8E7FF9261DE7D2DE0003482F /* CategoryController.m in Sources */ = {isa = PBXBuildFile; fileRef = 8E7FF91A1DE7D2DE0003482F /* CategoryController.m */; };
		8E7FF9271DE7D2DE0003482F /* ComperesController.m in Sources */ = {isa = PBXBuildFile; fileRef = 8E7FF91C1DE7D2DE0003482F /* ComperesController.m */; };
		8E7FF9281DE7D2DE0003482F /* HeroesController.m in Sources */ = {isa = PBXBuildFile; fileRef = 8E7FF91E1DE7D2DE0003482F /* HeroesController.m */; };
		8E7FF9291DE7D2DE0003482F /* HeroModel.m in Sources */ = {isa = PBXBuildFile; fileRef = 8E7FF9211DE7D2DE0003482F /* HeroModel.m */; };
		8E7FF92C1DE7DA710003482F /* RecommendCell.m in Sources */ = {isa = PBXBuildFile; fileRef = 8E7FF92B1DE7DA710003482F /* RecommendCell.m */; };
		8E7FF92F1DE7DC300003482F /* RecommendModel.m in Sources */ = {isa = PBXBuildFile; fileRef = 8E7FF92E1DE7DC300003482F /* RecommendModel.m */; };
		8E7FF9351DE819FA0003482F /* EasePageViewController.m in Sources */ = {isa = PBXBuildFile; fileRef = 8E7FF9321DE819FA0003482F /* EasePageViewController.m */; };
		8E7FF9361DE819FA0003482F /* RKSwipeBetweenViewControllers.m in Sources */ = {isa = PBXBuildFile; fileRef = 8E7FF9341DE819FA0003482F /* RKSwipeBetweenViewControllers.m */; };
		8E7FF93A1DE81B800003482F /* SMPageControl.m in Sources */ = {isa = PBXBuildFile; fileRef = 8E7FF9391DE81B800003482F /* SMPageControl.m */; };
		8E7FF93D1DE83E830003482F /* AuthManager.m in Sources */ = {isa = PBXBuildFile; fileRef = 8E7FF93C1DE83E830003482F /* AuthManager.m */; };
/* End PBXBuildFile section */

/* Begin PBXFileReference section */
		841A60E51DEACD730053717A /* CHCustomCell.h */ = {isa = PBXFileReference; fileEncoding = 4; lastKnownFileType = sourcecode.c.h; path = CHCustomCell.h; sourceTree = "<group>"; };
		841A60E61DEACD730053717A /* CHCustomCell.m */ = {isa = PBXFileReference; fileEncoding = 4; lastKnownFileType = sourcecode.c.objc; path = CHCustomCell.m; sourceTree = "<group>"; };
		841A611B1DF2EC5A0053717A /* VideoModel.h */ = {isa = PBXFileReference; fileEncoding = 4; lastKnownFileType = sourcecode.c.h; name = VideoModel.h; path = chardlol/Classes/Custom/VideoModel.h; sourceTree = SOURCE_ROOT; };
		841A611C1DF2EC5A0053717A /* VideoModel.m */ = {isa = PBXFileReference; fileEncoding = 4; lastKnownFileType = sourcecode.c.objc; name = VideoModel.m; path = chardlol/Classes/Custom/VideoModel.m; sourceTree = SOURCE_ROOT; };
		841A611E1DF354130053717A /* CHPlayerTool.h */ = {isa = PBXFileReference; fileEncoding = 4; lastKnownFileType = sourcecode.c.h; path = CHPlayerTool.h; sourceTree = "<group>"; };
		841A611F1DF354130053717A /* CHPlayerTool.m */ = {isa = PBXFileReference; fileEncoding = 4; lastKnownFileType = sourcecode.c.objc; path = CHPlayerTool.m; sourceTree = "<group>"; };
		841A61221DF366EE0053717A /* AlertViews+Blocks.h */ = {isa = PBXFileReference; fileEncoding = 4; lastKnownFileType = sourcecode.c.h; path = "AlertViews+Blocks.h"; sourceTree = "<group>"; };
		841A61231DF366EE0053717A /* CRIButtonItem.h */ = {isa = PBXFileReference; fileEncoding = 4; lastKnownFileType = sourcecode.c.h; path = CRIButtonItem.h; sourceTree = "<group>"; };
		841A61241DF366EE0053717A /* CRIButtonItem.m */ = {isa = PBXFileReference; fileEncoding = 4; lastKnownFileType = sourcecode.c.objc; path = CRIButtonItem.m; sourceTree = "<group>"; };
		841A61251DF366EE0053717A /* UIActionSheet+Blocks.h */ = {isa = PBXFileReference; fileEncoding = 4; lastKnownFileType = sourcecode.c.h; path = "UIActionSheet+Blocks.h"; sourceTree = "<group>"; };
		841A61261DF366EE0053717A /* UIActionSheet+Blocks.m */ = {isa = PBXFileReference; fileEncoding = 4; lastKnownFileType = sourcecode.c.objc; path = "UIActionSheet+Blocks.m"; sourceTree = "<group>"; };
		841A61271DF366EE0053717A /* UIAlertView+Blocks.h */ = {isa = PBXFileReference; fileEncoding = 4; lastKnownFileType = sourcecode.c.h; path = "UIAlertView+Blocks.h"; sourceTree = "<group>"; };
		841A61281DF366EE0053717A /* UIAlertView+Blocks.m */ = {isa = PBXFileReference; fileEncoding = 4; lastKnownFileType = sourcecode.c.objc; path = "UIAlertView+Blocks.m"; sourceTree = "<group>"; };
		841A612C1DF385870053717A /* CHAdHeaderCell.h */ = {isa = PBXFileReference; fileEncoding = 4; lastKnownFileType = sourcecode.c.h; path = CHAdHeaderCell.h; sourceTree = "<group>"; };
		841A612D1DF385870053717A /* CHAdHeaderCell.m */ = {isa = PBXFileReference; fileEncoding = 4; lastKnownFileType = sourcecode.c.objc; path = CHAdHeaderCell.m; sourceTree = "<group>"; };
		841A612F1DF5A8710053717A /* CoreTelephony.framework */ = {isa = PBXFileReference; lastKnownFileType = wrapper.framework; name = CoreTelephony.framework; path = System/Library/Frameworks/CoreTelephony.framework; sourceTree = SDKROOT; };
		841A61311DF5A8980053717A /* libsqlite3.tbd */ = {isa = PBXFileReference; lastKnownFileType = "sourcecode.text-based-dylib-definition"; name = libsqlite3.tbd; path = usr/lib/libsqlite3.tbd; sourceTree = SDKROOT; };
		847AA8371DE8885F007B3EF7 /* CHWebViewController.h */ = {isa = PBXFileReference; fileEncoding = 4; lastKnownFileType = sourcecode.c.h; path = CHWebViewController.h; sourceTree = "<group>"; };
		847AA8381DE8885F007B3EF7 /* CHWebViewController.m */ = {isa = PBXFileReference; fileEncoding = 4; lastKnownFileType = sourcecode.c.objc; path = CHWebViewController.m; sourceTree = "<group>"; };
		8E161AFF1DE588480070CA50 /* AFHTTPSessionManager.h */ = {isa = PBXFileReference; fileEncoding = 4; lastKnownFileType = sourcecode.c.h; path = AFHTTPSessionManager.h; sourceTree = "<group>"; };
		8E161B001DE588480070CA50 /* AFHTTPSessionManager.m */ = {isa = PBXFileReference; fileEncoding = 4; lastKnownFileType = sourcecode.c.objc; path = AFHTTPSessionManager.m; sourceTree = "<group>"; };
		8E161B011DE588480070CA50 /* AFNetworking.h */ = {isa = PBXFileReference; fileEncoding = 4; lastKnownFileType = sourcecode.c.h; path = AFNetworking.h; sourceTree = "<group>"; };
		8E161B021DE588480070CA50 /* AFNetworkReachabilityManager.h */ = {isa = PBXFileReference; fileEncoding = 4; lastKnownFileType = sourcecode.c.h; path = AFNetworkReachabilityManager.h; sourceTree = "<group>"; };
		8E161B031DE588480070CA50 /* AFNetworkReachabilityManager.m */ = {isa = PBXFileReference; fileEncoding = 4; lastKnownFileType = sourcecode.c.objc; path = AFNetworkReachabilityManager.m; sourceTree = "<group>"; };
		8E161B041DE588480070CA50 /* AFSecurityPolicy.h */ = {isa = PBXFileReference; fileEncoding = 4; lastKnownFileType = sourcecode.c.h; path = AFSecurityPolicy.h; sourceTree = "<group>"; };
		8E161B051DE588480070CA50 /* AFSecurityPolicy.m */ = {isa = PBXFileReference; fileEncoding = 4; lastKnownFileType = sourcecode.c.objc; path = AFSecurityPolicy.m; sourceTree = "<group>"; };
		8E161B061DE588480070CA50 /* AFURLRequestSerialization.h */ = {isa = PBXFileReference; fileEncoding = 4; lastKnownFileType = sourcecode.c.h; path = AFURLRequestSerialization.h; sourceTree = "<group>"; };
		8E161B071DE588480070CA50 /* AFURLRequestSerialization.m */ = {isa = PBXFileReference; fileEncoding = 4; lastKnownFileType = sourcecode.c.objc; path = AFURLRequestSerialization.m; sourceTree = "<group>"; };
		8E161B081DE588480070CA50 /* AFURLResponseSerialization.h */ = {isa = PBXFileReference; fileEncoding = 4; lastKnownFileType = sourcecode.c.h; path = AFURLResponseSerialization.h; sourceTree = "<group>"; };
		8E161B091DE588480070CA50 /* AFURLResponseSerialization.m */ = {isa = PBXFileReference; fileEncoding = 4; lastKnownFileType = sourcecode.c.objc; path = AFURLResponseSerialization.m; sourceTree = "<group>"; };
		8E161B0A1DE588480070CA50 /* AFURLSessionManager.h */ = {isa = PBXFileReference; fileEncoding = 4; lastKnownFileType = sourcecode.c.h; path = AFURLSessionManager.h; sourceTree = "<group>"; };
		8E161B0B1DE588480070CA50 /* AFURLSessionManager.m */ = {isa = PBXFileReference; fileEncoding = 4; lastKnownFileType = sourcecode.c.objc; path = AFURLSessionManager.m; sourceTree = "<group>"; };
		8E161B131DE588AF0070CA50 /* RequestTool.h */ = {isa = PBXFileReference; fileEncoding = 4; lastKnownFileType = sourcecode.c.h; path = RequestTool.h; sourceTree = "<group>"; };
		8E161B141DE588AF0070CA50 /* RequestTool.m */ = {isa = PBXFileReference; fileEncoding = 4; lastKnownFileType = sourcecode.c.objc; path = RequestTool.m; sourceTree = "<group>"; };
		8E161B211DE590050070CA50 /* MKAnnotationView+WebCache.h */ = {isa = PBXFileReference; fileEncoding = 4; lastKnownFileType = sourcecode.c.h; path = "MKAnnotationView+WebCache.h"; sourceTree = "<group>"; };
		8E161B221DE590050070CA50 /* MKAnnotationView+WebCache.m */ = {isa = PBXFileReference; fileEncoding = 4; lastKnownFileType = sourcecode.c.objc; path = "MKAnnotationView+WebCache.m"; sourceTree = "<group>"; };
		8E161B231DE590050070CA50 /* NSData+ImageContentType.h */ = {isa = PBXFileReference; fileEncoding = 4; lastKnownFileType = sourcecode.c.h; path = "NSData+ImageContentType.h"; sourceTree = "<group>"; };
		8E161B241DE590050070CA50 /* NSData+ImageContentType.m */ = {isa = PBXFileReference; fileEncoding = 4; lastKnownFileType = sourcecode.c.objc; path = "NSData+ImageContentType.m"; sourceTree = "<group>"; };
		8E161B251DE590050070CA50 /* NSImage+WebCache.h */ = {isa = PBXFileReference; fileEncoding = 4; lastKnownFileType = sourcecode.c.h; path = "NSImage+WebCache.h"; sourceTree = "<group>"; };
		8E161B261DE590050070CA50 /* NSImage+WebCache.m */ = {isa = PBXFileReference; fileEncoding = 4; lastKnownFileType = sourcecode.c.objc; path = "NSImage+WebCache.m"; sourceTree = "<group>"; };
		8E161B271DE590050070CA50 /* SDImageCache.h */ = {isa = PBXFileReference; fileEncoding = 4; lastKnownFileType = sourcecode.c.h; path = SDImageCache.h; sourceTree = "<group>"; };
		8E161B281DE590050070CA50 /* SDImageCache.m */ = {isa = PBXFileReference; fileEncoding = 4; lastKnownFileType = sourcecode.c.objc; path = SDImageCache.m; sourceTree = "<group>"; };
		8E161B291DE590050070CA50 /* SDImageCacheConfig.h */ = {isa = PBXFileReference; fileEncoding = 4; lastKnownFileType = sourcecode.c.h; path = SDImageCacheConfig.h; sourceTree = "<group>"; };
		8E161B2A1DE590050070CA50 /* SDImageCacheConfig.m */ = {isa = PBXFileReference; fileEncoding = 4; lastKnownFileType = sourcecode.c.objc; path = SDImageCacheConfig.m; sourceTree = "<group>"; };
		8E161B2B1DE590050070CA50 /* SDWebImageCompat.h */ = {isa = PBXFileReference; fileEncoding = 4; lastKnownFileType = sourcecode.c.h; path = SDWebImageCompat.h; sourceTree = "<group>"; };
		8E161B2C1DE590050070CA50 /* SDWebImageCompat.m */ = {isa = PBXFileReference; fileEncoding = 4; lastKnownFileType = sourcecode.c.objc; path = SDWebImageCompat.m; sourceTree = "<group>"; };
		8E161B2D1DE590050070CA50 /* SDWebImageDecoder.h */ = {isa = PBXFileReference; fileEncoding = 4; lastKnownFileType = sourcecode.c.h; path = SDWebImageDecoder.h; sourceTree = "<group>"; };
		8E161B2E1DE590050070CA50 /* SDWebImageDecoder.m */ = {isa = PBXFileReference; fileEncoding = 4; lastKnownFileType = sourcecode.c.objc; path = SDWebImageDecoder.m; sourceTree = "<group>"; };
		8E161B2F1DE590050070CA50 /* SDWebImageDownloader.h */ = {isa = PBXFileReference; fileEncoding = 4; lastKnownFileType = sourcecode.c.h; path = SDWebImageDownloader.h; sourceTree = "<group>"; };
		8E161B301DE590050070CA50 /* SDWebImageDownloader.m */ = {isa = PBXFileReference; fileEncoding = 4; lastKnownFileType = sourcecode.c.objc; path = SDWebImageDownloader.m; sourceTree = "<group>"; };
		8E161B311DE590050070CA50 /* SDWebImageDownloaderOperation.h */ = {isa = PBXFileReference; fileEncoding = 4; lastKnownFileType = sourcecode.c.h; path = SDWebImageDownloaderOperation.h; sourceTree = "<group>"; };
		8E161B321DE590050070CA50 /* SDWebImageDownloaderOperation.m */ = {isa = PBXFileReference; fileEncoding = 4; lastKnownFileType = sourcecode.c.objc; path = SDWebImageDownloaderOperation.m; sourceTree = "<group>"; };
		8E161B331DE590050070CA50 /* SDWebImageManager.h */ = {isa = PBXFileReference; fileEncoding = 4; lastKnownFileType = sourcecode.c.h; path = SDWebImageManager.h; sourceTree = "<group>"; };
		8E161B341DE590050070CA50 /* SDWebImageManager.m */ = {isa = PBXFileReference; fileEncoding = 4; lastKnownFileType = sourcecode.c.objc; path = SDWebImageManager.m; sourceTree = "<group>"; };
		8E161B351DE590050070CA50 /* SDWebImageOperation.h */ = {isa = PBXFileReference; fileEncoding = 4; lastKnownFileType = sourcecode.c.h; path = SDWebImageOperation.h; sourceTree = "<group>"; };
		8E161B361DE590050070CA50 /* SDWebImagePrefetcher.h */ = {isa = PBXFileReference; fileEncoding = 4; lastKnownFileType = sourcecode.c.h; path = SDWebImagePrefetcher.h; sourceTree = "<group>"; };
		8E161B371DE590050070CA50 /* SDWebImagePrefetcher.m */ = {isa = PBXFileReference; fileEncoding = 4; lastKnownFileType = sourcecode.c.objc; path = SDWebImagePrefetcher.m; sourceTree = "<group>"; };
		8E161B381DE590050070CA50 /* UIButton+WebCache.h */ = {isa = PBXFileReference; fileEncoding = 4; lastKnownFileType = sourcecode.c.h; path = "UIButton+WebCache.h"; sourceTree = "<group>"; };
		8E161B391DE590050070CA50 /* UIButton+WebCache.m */ = {isa = PBXFileReference; fileEncoding = 4; lastKnownFileType = sourcecode.c.objc; path = "UIButton+WebCache.m"; sourceTree = "<group>"; };
		8E161B3A1DE590050070CA50 /* UIImage+GIF.h */ = {isa = PBXFileReference; fileEncoding = 4; lastKnownFileType = sourcecode.c.h; path = "UIImage+GIF.h"; sourceTree = "<group>"; };
		8E161B3B1DE590050070CA50 /* UIImage+GIF.m */ = {isa = PBXFileReference; fileEncoding = 4; lastKnownFileType = sourcecode.c.objc; path = "UIImage+GIF.m"; sourceTree = "<group>"; };
		8E161B3C1DE590050070CA50 /* UIImage+MultiFormat.h */ = {isa = PBXFileReference; fileEncoding = 4; lastKnownFileType = sourcecode.c.h; path = "UIImage+MultiFormat.h"; sourceTree = "<group>"; };
		8E161B3D1DE590050070CA50 /* UIImage+MultiFormat.m */ = {isa = PBXFileReference; fileEncoding = 4; lastKnownFileType = sourcecode.c.objc; path = "UIImage+MultiFormat.m"; sourceTree = "<group>"; };
		8E161B3E1DE590050070CA50 /* UIImage+WebP.h */ = {isa = PBXFileReference; fileEncoding = 4; lastKnownFileType = sourcecode.c.h; path = "UIImage+WebP.h"; sourceTree = "<group>"; };
		8E161B3F1DE590050070CA50 /* UIImage+WebP.m */ = {isa = PBXFileReference; fileEncoding = 4; lastKnownFileType = sourcecode.c.objc; path = "UIImage+WebP.m"; sourceTree = "<group>"; };
		8E161B401DE590050070CA50 /* UIImageView+HighlightedWebCache.h */ = {isa = PBXFileReference; fileEncoding = 4; lastKnownFileType = sourcecode.c.h; path = "UIImageView+HighlightedWebCache.h"; sourceTree = "<group>"; };
		8E161B411DE590050070CA50 /* UIImageView+HighlightedWebCache.m */ = {isa = PBXFileReference; fileEncoding = 4; lastKnownFileType = sourcecode.c.objc; path = "UIImageView+HighlightedWebCache.m"; sourceTree = "<group>"; };
		8E161B421DE590050070CA50 /* UIImageView+WebCache.h */ = {isa = PBXFileReference; fileEncoding = 4; lastKnownFileType = sourcecode.c.h; path = "UIImageView+WebCache.h"; sourceTree = "<group>"; };
		8E161B431DE590050070CA50 /* UIImageView+WebCache.m */ = {isa = PBXFileReference; fileEncoding = 4; lastKnownFileType = sourcecode.c.objc; path = "UIImageView+WebCache.m"; sourceTree = "<group>"; };
		8E161B441DE590050070CA50 /* UIView+WebCache.h */ = {isa = PBXFileReference; fileEncoding = 4; lastKnownFileType = sourcecode.c.h; path = "UIView+WebCache.h"; sourceTree = "<group>"; };
		8E161B451DE590050070CA50 /* UIView+WebCache.m */ = {isa = PBXFileReference; fileEncoding = 4; lastKnownFileType = sourcecode.c.objc; path = "UIView+WebCache.m"; sourceTree = "<group>"; };
		8E161B461DE590050070CA50 /* UIView+WebCacheOperation.h */ = {isa = PBXFileReference; fileEncoding = 4; lastKnownFileType = sourcecode.c.h; path = "UIView+WebCacheOperation.h"; sourceTree = "<group>"; };
		8E161B471DE590050070CA50 /* UIView+WebCacheOperation.m */ = {isa = PBXFileReference; fileEncoding = 4; lastKnownFileType = sourcecode.c.objc; path = "UIView+WebCacheOperation.m"; sourceTree = "<group>"; };
		8E161B7A1DE5A68F0070CA50 /* libz.tbd */ = {isa = PBXFileReference; lastKnownFileType = "sourcecode.text-based-dylib-definition"; name = libz.tbd; path = usr/lib/libz.tbd; sourceTree = SDKROOT; };
		8E389A491DED244D006C4CBF /* ComperesModel.h */ = {isa = PBXFileReference; fileEncoding = 4; lastKnownFileType = sourcecode.c.h; path = ComperesModel.h; sourceTree = "<group>"; };
		8E389A4A1DED244D006C4CBF /* ComperesModel.m */ = {isa = PBXFileReference; fileEncoding = 4; lastKnownFileType = sourcecode.c.objc; path = ComperesModel.m; sourceTree = "<group>"; };
		8E389A4C1DED468C006C4CBF /* VideoListController.h */ = {isa = PBXFileReference; fileEncoding = 4; lastKnownFileType = sourcecode.c.h; path = VideoListController.h; sourceTree = "<group>"; };
		8E389A4D1DED468C006C4CBF /* VideoListController.m */ = {isa = PBXFileReference; fileEncoding = 4; lastKnownFileType = sourcecode.c.objc; path = VideoListController.m; sourceTree = "<group>"; };
		8E389A4F1DED6018006C4CBF /* MatchViewController.h */ = {isa = PBXFileReference; fileEncoding = 4; lastKnownFileType = sourcecode.c.h; path = MatchViewController.h; sourceTree = "<group>"; };
		8E389A501DED6018006C4CBF /* MatchViewController.m */ = {isa = PBXFileReference; fileEncoding = 4; lastKnownFileType = sourcecode.c.objc; path = MatchViewController.m; sourceTree = "<group>"; };
		8E389A521DED6AC0006C4CBF /* MatchModel.h */ = {isa = PBXFileReference; fileEncoding = 4; lastKnownFileType = sourcecode.c.h; path = MatchModel.h; sourceTree = "<group>"; };
		8E389A531DED6AC0006C4CBF /* MatchModel.m */ = {isa = PBXFileReference; fileEncoding = 4; lastKnownFileType = sourcecode.c.objc; path = MatchModel.m; sourceTree = "<group>"; };
		8E389A561DEE71CE006C4CBF /* StrategyModel.h */ = {isa = PBXFileReference; fileEncoding = 4; lastKnownFileType = sourcecode.c.h; path = StrategyModel.h; sourceTree = "<group>"; };
		8E389A571DEE71CE006C4CBF /* StrategyModel.m */ = {isa = PBXFileReference; fileEncoding = 4; lastKnownFileType = sourcecode.c.objc; path = StrategyModel.m; sourceTree = "<group>"; };
		8E389A5B1DEE790E006C4CBF /* TAAbstractDotView.h */ = {isa = PBXFileReference; fileEncoding = 4; lastKnownFileType = sourcecode.c.h; path = TAAbstractDotView.h; sourceTree = "<group>"; };
		8E389A5C1DEE790E006C4CBF /* TAAbstractDotView.m */ = {isa = PBXFileReference; fileEncoding = 4; lastKnownFileType = sourcecode.c.objc; path = TAAbstractDotView.m; sourceTree = "<group>"; };
		8E389A5D1DEE790E006C4CBF /* TAAnimatedDotView.h */ = {isa = PBXFileReference; fileEncoding = 4; lastKnownFileType = sourcecode.c.h; path = TAAnimatedDotView.h; sourceTree = "<group>"; };
		8E389A5E1DEE790E006C4CBF /* TAAnimatedDotView.m */ = {isa = PBXFileReference; fileEncoding = 4; lastKnownFileType = sourcecode.c.objc; path = TAAnimatedDotView.m; sourceTree = "<group>"; };
		8E389A5F1DEE790E006C4CBF /* TADotView.h */ = {isa = PBXFileReference; fileEncoding = 4; lastKnownFileType = sourcecode.c.h; path = TADotView.h; sourceTree = "<group>"; };
		8E389A601DEE790E006C4CBF /* TADotView.m */ = {isa = PBXFileReference; fileEncoding = 4; lastKnownFileType = sourcecode.c.objc; path = TADotView.m; sourceTree = "<group>"; };
		8E389A611DEE790E006C4CBF /* TAPageControl.h */ = {isa = PBXFileReference; fileEncoding = 4; lastKnownFileType = sourcecode.c.h; path = TAPageControl.h; sourceTree = "<group>"; };
		8E389A621DEE790E006C4CBF /* TAPageControl.m */ = {isa = PBXFileReference; fileEncoding = 4; lastKnownFileType = sourcecode.c.objc; path = TAPageControl.m; sourceTree = "<group>"; };
		8E389A631DEE790E006C4CBF /* SDCollectionViewCell.h */ = {isa = PBXFileReference; fileEncoding = 4; lastKnownFileType = sourcecode.c.h; path = SDCollectionViewCell.h; sourceTree = "<group>"; };
		8E389A641DEE790E006C4CBF /* SDCollectionViewCell.m */ = {isa = PBXFileReference; fileEncoding = 4; lastKnownFileType = sourcecode.c.objc; path = SDCollectionViewCell.m; sourceTree = "<group>"; };
		8E389A651DEE790E006C4CBF /* SDCycleScrollView.h */ = {isa = PBXFileReference; fileEncoding = 4; lastKnownFileType = sourcecode.c.h; path = SDCycleScrollView.h; sourceTree = "<group>"; };
		8E389A661DEE790E006C4CBF /* SDCycleScrollView.m */ = {isa = PBXFileReference; fileEncoding = 4; lastKnownFileType = sourcecode.c.objc; path = SDCycleScrollView.m; sourceTree = "<group>"; };
		8E389A671DEE790E006C4CBF /* UIView+SDExtension.h */ = {isa = PBXFileReference; fileEncoding = 4; lastKnownFileType = sourcecode.c.h; path = "UIView+SDExtension.h"; sourceTree = "<group>"; };
		8E389A681DEE790E006C4CBF /* UIView+SDExtension.m */ = {isa = PBXFileReference; fileEncoding = 4; lastKnownFileType = sourcecode.c.objc; path = "UIView+SDExtension.m"; sourceTree = "<group>"; };
		8E389A741DEEB47A006C4CBF /* AdManager.h */ = {isa = PBXFileReference; fileEncoding = 4; lastKnownFileType = sourcecode.c.h; path = AdManager.h; sourceTree = "<group>"; };
		8E389A751DEEB47A006C4CBF /* AdManager.m */ = {isa = PBXFileReference; fileEncoding = 4; lastKnownFileType = sourcecode.c.objc; path = AdManager.m; sourceTree = "<group>"; };
		8E389AB21DF10C0F006C4CBF /* HomeViewController.h */ = {isa = PBXFileReference; fileEncoding = 4; lastKnownFileType = sourcecode.c.h; path = HomeViewController.h; sourceTree = "<group>"; };
		8E389AB31DF10C0F006C4CBF /* HomeViewController.m */ = {isa = PBXFileReference; fileEncoding = 4; lastKnownFileType = sourcecode.c.objc; path = HomeViewController.m; sourceTree = "<group>"; };
		8E389AB51DF120D3006C4CBF /* CHCollectionCell.h */ = {isa = PBXFileReference; fileEncoding = 4; lastKnownFileType = sourcecode.c.h; path = CHCollectionCell.h; sourceTree = "<group>"; };
		8E389AB61DF120D3006C4CBF /* CHCollectionCell.m */ = {isa = PBXFileReference; fileEncoding = 4; lastKnownFileType = sourcecode.c.objc; path = CHCollectionCell.m; sourceTree = "<group>"; };
		8E389AB81DF16E4D006C4CBF /* TableViewCCell.h */ = {isa = PBXFileReference; fileEncoding = 4; lastKnownFileType = sourcecode.c.h; path = TableViewCCell.h; sourceTree = "<group>"; };
		8E389AB91DF16E4D006C4CBF /* TableViewCCell.m */ = {isa = PBXFileReference; fileEncoding = 4; lastKnownFileType = sourcecode.c.objc; path = TableViewCCell.m; sourceTree = "<group>"; };
		8E389ABB1DF17D21006C4CBF /* CCellHeadView.h */ = {isa = PBXFileReference; fileEncoding = 4; lastKnownFileType = sourcecode.c.h; path = CCellHeadView.h; sourceTree = "<group>"; };
		8E389ABC1DF17D21006C4CBF /* CCellHeadView.m */ = {isa = PBXFileReference; fileEncoding = 4; lastKnownFileType = sourcecode.c.objc; path = CCellHeadView.m; sourceTree = "<group>"; };
		8E389ABE1DF514C4006C4CBF /* UMMobClick.framework */ = {isa = PBXFileReference; lastKnownFileType = wrapper.framework; path = UMMobClick.framework; sourceTree = "<group>"; };
		8E4DD5C91DE56F2100441C04 /* chardlol.app */ = {isa = PBXFileReference; explicitFileType = wrapper.application; includeInIndex = 0; path = chardlol.app; sourceTree = BUILT_PRODUCTS_DIR; };
		8E4DD5CD1DE56F2100441C04 /* main.m */ = {isa = PBXFileReference; lastKnownFileType = sourcecode.c.objc; path = main.m; sourceTree = "<group>"; };
		8E4DD5CF1DE56F2100441C04 /* AppDelegate.h */ = {isa = PBXFileReference; lastKnownFileType = sourcecode.c.h; path = AppDelegate.h; sourceTree = "<group>"; };
		8E4DD5D01DE56F2100441C04 /* AppDelegate.m */ = {isa = PBXFileReference; lastKnownFileType = sourcecode.c.objc; path = AppDelegate.m; sourceTree = "<group>"; };
		8E4DD5D81DE56F2100441C04 /* Assets.xcassets */ = {isa = PBXFileReference; lastKnownFileType = folder.assetcatalog; path = Assets.xcassets; sourceTree = "<group>"; };
		8E4DD5DB1DE56F2100441C04 /* Base */ = {isa = PBXFileReference; lastKnownFileType = file.storyboard; name = Base; path = Base.lproj/LaunchScreen.storyboard; sourceTree = "<group>"; };
		8E4DD5DD1DE56F2100441C04 /* Info.plist */ = {isa = PBXFileReference; lastKnownFileType = text.plist.xml; path = Info.plist; sourceTree = "<group>"; };
		8E4DD5E31DE573FE00441C04 /* MainTabBarController.h */ = {isa = PBXFileReference; fileEncoding = 4; lastKnownFileType = sourcecode.c.h; path = MainTabBarController.h; sourceTree = "<group>"; };
		8E4DD5E41DE573FE00441C04 /* MainTabBarController.m */ = {isa = PBXFileReference; fileEncoding = 4; lastKnownFileType = sourcecode.c.objc; path = MainTabBarController.m; sourceTree = "<group>"; };
		8E7FF90D1DE7D2DE0003482F /* KeepingController.h */ = {isa = PBXFileReference; fileEncoding = 4; lastKnownFileType = sourcecode.c.h; path = KeepingController.h; sourceTree = "<group>"; };
		8E7FF90E1DE7D2DE0003482F /* KeepingController.m */ = {isa = PBXFileReference; fileEncoding = 4; lastKnownFileType = sourcecode.c.objc; path = KeepingController.m; sourceTree = "<group>"; };
		8E7FF9131DE7D2DE0003482F /* RecommendController.h */ = {isa = PBXFileReference; fileEncoding = 4; lastKnownFileType = sourcecode.c.h; path = RecommendController.h; sourceTree = "<group>"; };
		8E7FF9141DE7D2DE0003482F /* RecommendController.m */ = {isa = PBXFileReference; fileEncoding = 4; lastKnownFileType = sourcecode.c.objc; path = RecommendController.m; sourceTree = "<group>"; };
		8E7FF9161DE7D2DE0003482F /* SettingController.h */ = {isa = PBXFileReference; fileEncoding = 4; lastKnownFileType = sourcecode.c.h; path = SettingController.h; sourceTree = "<group>"; };
		8E7FF9171DE7D2DE0003482F /* SettingController.m */ = {isa = PBXFileReference; fileEncoding = 4; lastKnownFileType = sourcecode.c.objc; path = SettingController.m; sourceTree = "<group>"; };
		8E7FF9191DE7D2DE0003482F /* CategoryController.h */ = {isa = PBXFileReference; fileEncoding = 4; lastKnownFileType = sourcecode.c.h; path = CategoryController.h; sourceTree = "<group>"; };
		8E7FF91A1DE7D2DE0003482F /* CategoryController.m */ = {isa = PBXFileReference; fileEncoding = 4; lastKnownFileType = sourcecode.c.objc; path = CategoryController.m; sourceTree = "<group>"; };
		8E7FF91B1DE7D2DE0003482F /* ComperesController.h */ = {isa = PBXFileReference; fileEncoding = 4; lastKnownFileType = sourcecode.c.h; path = ComperesController.h; sourceTree = "<group>"; };
		8E7FF91C1DE7D2DE0003482F /* ComperesController.m */ = {isa = PBXFileReference; fileEncoding = 4; lastKnownFileType = sourcecode.c.objc; path = ComperesController.m; sourceTree = "<group>"; };
		8E7FF91D1DE7D2DE0003482F /* HeroesController.h */ = {isa = PBXFileReference; fileEncoding = 4; lastKnownFileType = sourcecode.c.h; path = HeroesController.h; sourceTree = "<group>"; };
		8E7FF91E1DE7D2DE0003482F /* HeroesController.m */ = {isa = PBXFileReference; fileEncoding = 4; lastKnownFileType = sourcecode.c.objc; path = HeroesController.m; sourceTree = "<group>"; };
		8E7FF9201DE7D2DE0003482F /* HeroModel.h */ = {isa = PBXFileReference; fileEncoding = 4; lastKnownFileType = sourcecode.c.h; path = HeroModel.h; sourceTree = "<group>"; };
		8E7FF9211DE7D2DE0003482F /* HeroModel.m */ = {isa = PBXFileReference; fileEncoding = 4; lastKnownFileType = sourcecode.c.objc; path = HeroModel.m; sourceTree = "<group>"; };
		8E7FF92A1DE7DA710003482F /* RecommendCell.h */ = {isa = PBXFileReference; fileEncoding = 4; lastKnownFileType = sourcecode.c.h; path = RecommendCell.h; sourceTree = "<group>"; };
		8E7FF92B1DE7DA710003482F /* RecommendCell.m */ = {isa = PBXFileReference; fileEncoding = 4; lastKnownFileType = sourcecode.c.objc; path = RecommendCell.m; sourceTree = "<group>"; };
		8E7FF92D1DE7DC300003482F /* RecommendModel.h */ = {isa = PBXFileReference; fileEncoding = 4; lastKnownFileType = sourcecode.c.h; path = RecommendModel.h; sourceTree = "<group>"; };
		8E7FF92E1DE7DC300003482F /* RecommendModel.m */ = {isa = PBXFileReference; fileEncoding = 4; lastKnownFileType = sourcecode.c.objc; path = RecommendModel.m; sourceTree = "<group>"; };
		8E7FF9311DE819FA0003482F /* EasePageViewController.h */ = {isa = PBXFileReference; fileEncoding = 4; lastKnownFileType = sourcecode.c.h; path = EasePageViewController.h; sourceTree = "<group>"; };
		8E7FF9321DE819FA0003482F /* EasePageViewController.m */ = {isa = PBXFileReference; fileEncoding = 4; lastKnownFileType = sourcecode.c.objc; path = EasePageViewController.m; sourceTree = "<group>"; };
		8E7FF9331DE819FA0003482F /* RKSwipeBetweenViewControllers.h */ = {isa = PBXFileReference; fileEncoding = 4; lastKnownFileType = sourcecode.c.h; path = RKSwipeBetweenViewControllers.h; sourceTree = "<group>"; };
		8E7FF9341DE819FA0003482F /* RKSwipeBetweenViewControllers.m */ = {isa = PBXFileReference; fileEncoding = 4; lastKnownFileType = sourcecode.c.objc; path = RKSwipeBetweenViewControllers.m; sourceTree = "<group>"; };
		8E7FF9381DE81B800003482F /* SMPageControl.h */ = {isa = PBXFileReference; fileEncoding = 4; lastKnownFileType = sourcecode.c.h; path = SMPageControl.h; sourceTree = "<group>"; };
		8E7FF9391DE81B800003482F /* SMPageControl.m */ = {isa = PBXFileReference; fileEncoding = 4; lastKnownFileType = sourcecode.c.objc; path = SMPageControl.m; sourceTree = "<group>"; };
		8E7FF93B1DE83E830003482F /* AuthManager.h */ = {isa = PBXFileReference; fileEncoding = 4; lastKnownFileType = sourcecode.c.h; path = AuthManager.h; sourceTree = "<group>"; };
		8E7FF93C1DE83E830003482F /* AuthManager.m */ = {isa = PBXFileReference; fileEncoding = 4; lastKnownFileType = sourcecode.c.objc; path = AuthManager.m; sourceTree = "<group>"; };
/* End PBXFileReference section */

/* Begin PBXFrameworksBuildPhase section */
		8E4DD5C61DE56F2100441C04 /* Frameworks */ = {
			isa = PBXFrameworksBuildPhase;
			buildActionMask = 2147483647;
			files = (
				841A61321DF5A8980053717A /* libsqlite3.tbd in Frameworks */,
				841A61301DF5A8710053717A /* CoreTelephony.framework in Frameworks */,
				8E389ABF1DF514C4006C4CBF /* UMMobClick.framework in Frameworks */,
				8E161B7B1DE5A68F0070CA50 /* libz.tbd in Frameworks */,
			);
			runOnlyForDeploymentPostprocessing = 0;
		};
/* End PBXFrameworksBuildPhase section */

/* Begin PBXGroup section */
		841A60E41DEACD450053717A /* Custom */ = {
			isa = PBXGroup;
			children = (
				841A60E51DEACD730053717A /* CHCustomCell.h */,
				841A60E61DEACD730053717A /* CHCustomCell.m */,
				8E389AB81DF16E4D006C4CBF /* TableViewCCell.h */,
				8E389AB91DF16E4D006C4CBF /* TableViewCCell.m */,
			);
			path = Custom;
			sourceTree = "<group>";
		};
		841A61211DF366EE0053717A /* AlertViews+Blocks */ = {
			isa = PBXGroup;
			children = (
				841A61221DF366EE0053717A /* AlertViews+Blocks.h */,
				841A61231DF366EE0053717A /* CRIButtonItem.h */,
				841A61241DF366EE0053717A /* CRIButtonItem.m */,
				841A61251DF366EE0053717A /* UIActionSheet+Blocks.h */,
				841A61261DF366EE0053717A /* UIActionSheet+Blocks.m */,
				841A61271DF366EE0053717A /* UIAlertView+Blocks.h */,
				841A61281DF366EE0053717A /* UIAlertView+Blocks.m */,
			);
			path = "AlertViews+Blocks";
			sourceTree = "<group>";
		};
		847AA8F01DE960BA007B3EF7 /* view */ = {
			isa = PBXGroup;
			children = (
			);
			path = view;
			sourceTree = "<group>";
		};
		8E161AFE1DE588480070CA50 /* AFNetworking */ = {
			isa = PBXGroup;
			children = (
				8E161AFF1DE588480070CA50 /* AFHTTPSessionManager.h */,
				8E161B001DE588480070CA50 /* AFHTTPSessionManager.m */,
				8E161B011DE588480070CA50 /* AFNetworking.h */,
				8E161B021DE588480070CA50 /* AFNetworkReachabilityManager.h */,
				8E161B031DE588480070CA50 /* AFNetworkReachabilityManager.m */,
				8E161B041DE588480070CA50 /* AFSecurityPolicy.h */,
				8E161B051DE588480070CA50 /* AFSecurityPolicy.m */,
				8E161B061DE588480070CA50 /* AFURLRequestSerialization.h */,
				8E161B071DE588480070CA50 /* AFURLRequestSerialization.m */,
				8E161B081DE588480070CA50 /* AFURLResponseSerialization.h */,
				8E161B091DE588480070CA50 /* AFURLResponseSerialization.m */,
				8E161B0A1DE588480070CA50 /* AFURLSessionManager.h */,
				8E161B0B1DE588480070CA50 /* AFURLSessionManager.m */,
			);
			path = AFNetworking;
			sourceTree = "<group>";
		};
		8E161B121DE588820070CA50 /* Tools */ = {
			isa = PBXGroup;
			children = (
				8E161B131DE588AF0070CA50 /* RequestTool.h */,
				8E161B141DE588AF0070CA50 /* RequestTool.m */,
				8E7FF93B1DE83E830003482F /* AuthManager.h */,
				8E7FF93C1DE83E830003482F /* AuthManager.m */,
				8E389A741DEEB47A006C4CBF /* AdManager.h */,
				8E389A751DEEB47A006C4CBF /* AdManager.m */,
				841A611E1DF354130053717A /* CHPlayerTool.h */,
				841A611F1DF354130053717A /* CHPlayerTool.m */,
			);
			path = Tools;
			sourceTree = "<group>";
		};
		8E161B1D1DE590050070CA50 /* SDWebImage */ = {
			isa = PBXGroup;
			children = (
				8E161B211DE590050070CA50 /* MKAnnotationView+WebCache.h */,
				8E161B221DE590050070CA50 /* MKAnnotationView+WebCache.m */,
				8E161B231DE590050070CA50 /* NSData+ImageContentType.h */,
				8E161B241DE590050070CA50 /* NSData+ImageContentType.m */,
				8E161B251DE590050070CA50 /* NSImage+WebCache.h */,
				8E161B261DE590050070CA50 /* NSImage+WebCache.m */,
				8E161B271DE590050070CA50 /* SDImageCache.h */,
				8E161B281DE590050070CA50 /* SDImageCache.m */,
				8E161B291DE590050070CA50 /* SDImageCacheConfig.h */,
				8E161B2A1DE590050070CA50 /* SDImageCacheConfig.m */,
				8E161B2B1DE590050070CA50 /* SDWebImageCompat.h */,
				8E161B2C1DE590050070CA50 /* SDWebImageCompat.m */,
				8E161B2D1DE590050070CA50 /* SDWebImageDecoder.h */,
				8E161B2E1DE590050070CA50 /* SDWebImageDecoder.m */,
				8E161B2F1DE590050070CA50 /* SDWebImageDownloader.h */,
				8E161B301DE590050070CA50 /* SDWebImageDownloader.m */,
				8E161B311DE590050070CA50 /* SDWebImageDownloaderOperation.h */,
				8E161B321DE590050070CA50 /* SDWebImageDownloaderOperation.m */,
				8E161B331DE590050070CA50 /* SDWebImageManager.h */,
				8E161B341DE590050070CA50 /* SDWebImageManager.m */,
				8E161B351DE590050070CA50 /* SDWebImageOperation.h */,
				8E161B361DE590050070CA50 /* SDWebImagePrefetcher.h */,
				8E161B371DE590050070CA50 /* SDWebImagePrefetcher.m */,
				8E161B381DE590050070CA50 /* UIButton+WebCache.h */,
				8E161B391DE590050070CA50 /* UIButton+WebCache.m */,
				8E161B3A1DE590050070CA50 /* UIImage+GIF.h */,
				8E161B3B1DE590050070CA50 /* UIImage+GIF.m */,
				8E161B3C1DE590050070CA50 /* UIImage+MultiFormat.h */,
				8E161B3D1DE590050070CA50 /* UIImage+MultiFormat.m */,
				8E161B3E1DE590050070CA50 /* UIImage+WebP.h */,
				8E161B3F1DE590050070CA50 /* UIImage+WebP.m */,
				8E161B401DE590050070CA50 /* UIImageView+HighlightedWebCache.h */,
				8E161B411DE590050070CA50 /* UIImageView+HighlightedWebCache.m */,
				8E161B421DE590050070CA50 /* UIImageView+WebCache.h */,
				8E161B431DE590050070CA50 /* UIImageView+WebCache.m */,
				8E161B441DE590050070CA50 /* UIView+WebCache.h */,
				8E161B451DE590050070CA50 /* UIView+WebCache.m */,
				8E161B461DE590050070CA50 /* UIView+WebCacheOperation.h */,
				8E161B471DE590050070CA50 /* UIView+WebCacheOperation.m */,
			);
			path = SDWebImage;
			sourceTree = "<group>";
		};
		8E161B711DE5A5EB0070CA50 /* Frameworks */ = {
			isa = PBXGroup;
			children = (
				841A61311DF5A8980053717A /* libsqlite3.tbd */,
				841A612F1DF5A8710053717A /* CoreTelephony.framework */,
				8E161B7A1DE5A68F0070CA50 /* libz.tbd */,
			);
			name = Frameworks;
			sourceTree = "<group>";
		};
		8E389A551DEE719F006C4CBF /* Model */ = {
			isa = PBXGroup;
			children = (
				8E389A561DEE71CE006C4CBF /* StrategyModel.h */,
				8E389A571DEE71CE006C4CBF /* StrategyModel.m */,
			);
			path = Model;
			sourceTree = "<group>";
		};
		8E389A591DEE790E006C4CBF /* SDCycleScrollView */ = {
			isa = PBXGroup;
			children = (
				8E389A5A1DEE790E006C4CBF /* PageControl */,
				8E389A631DEE790E006C4CBF /* SDCollectionViewCell.h */,
				8E389A641DEE790E006C4CBF /* SDCollectionViewCell.m */,
				8E389A651DEE790E006C4CBF /* SDCycleScrollView.h */,
				8E389A661DEE790E006C4CBF /* SDCycleScrollView.m */,
				8E389A671DEE790E006C4CBF /* UIView+SDExtension.h */,
				8E389A681DEE790E006C4CBF /* UIView+SDExtension.m */,
			);
			path = SDCycleScrollView;
			sourceTree = "<group>";
		};
		8E389A5A1DEE790E006C4CBF /* PageControl */ = {
			isa = PBXGroup;
			children = (
				8E389A5B1DEE790E006C4CBF /* TAAbstractDotView.h */,
				8E389A5C1DEE790E006C4CBF /* TAAbstractDotView.m */,
				8E389A5D1DEE790E006C4CBF /* TAAnimatedDotView.h */,
				8E389A5E1DEE790E006C4CBF /* TAAnimatedDotView.m */,
				8E389A5F1DEE790E006C4CBF /* TADotView.h */,
				8E389A601DEE790E006C4CBF /* TADotView.m */,
				8E389A611DEE790E006C4CBF /* TAPageControl.h */,
				8E389A621DEE790E006C4CBF /* TAPageControl.m */,
			);
			path = PageControl;
			sourceTree = "<group>";
		};
		8E389AAF1DF10BD7006C4CBF /* Home */ = {
			isa = PBXGroup;
			children = (
				8E389AB21DF10C0F006C4CBF /* HomeViewController.h */,
				8E389AB31DF10C0F006C4CBF /* HomeViewController.m */,
				8E389AB01DF10BEF006C4CBF /* Model */,
				8E389AB11DF10BEF006C4CBF /* View */,
			);
			path = Home;
			sourceTree = "<group>";
		};
		8E389AB01DF10BEF006C4CBF /* Model */ = {
			isa = PBXGroup;
			children = (
				841A611B1DF2EC5A0053717A /* VideoModel.h */,
				841A611C1DF2EC5A0053717A /* VideoModel.m */,
			);
			path = Model;
			sourceTree = "<group>";
		};
		8E389AB11DF10BEF006C4CBF /* View */ = {
			isa = PBXGroup;
			children = (
				8E389AB51DF120D3006C4CBF /* CHCollectionCell.h */,
				8E389AB61DF120D3006C4CBF /* CHCollectionCell.m */,
				8E389ABB1DF17D21006C4CBF /* CCellHeadView.h */,
				8E389ABC1DF17D21006C4CBF /* CCellHeadView.m */,
				841A612C1DF385870053717A /* CHAdHeaderCell.h */,
				841A612D1DF385870053717A /* CHAdHeaderCell.m */,
			);
			path = View;
			sourceTree = "<group>";
		};
		8E4DD5C01DE56F2100441C04 = {
			isa = PBXGroup;
			children = (
				8E4DD5CB1DE56F2100441C04 /* chardlol */,
				8E4DD5CA1DE56F2100441C04 /* Products */,
				8E161B711DE5A5EB0070CA50 /* Frameworks */,
			);
			sourceTree = "<group>";
		};
		8E4DD5CA1DE56F2100441C04 /* Products */ = {
			isa = PBXGroup;
			children = (
				8E4DD5C91DE56F2100441C04 /* chardlol.app */,
			);
			name = Products;
			sourceTree = "<group>";
		};
		8E4DD5CB1DE56F2100441C04 /* chardlol */ = {
			isa = PBXGroup;
			children = (
				8E389ABE1DF514C4006C4CBF /* UMMobClick.framework */,
				8E7FF90B1DE7D2DE0003482F /* Classes */,
				8E161B121DE588820070CA50 /* Tools */,
				8E4DD5E31DE573FE00441C04 /* MainTabBarController.h */,
				8E4DD5E41DE573FE00441C04 /* MainTabBarController.m */,
				8E4DD5F31DE583E900441C04 /* ThirdLib */,
				8E4DD5CC1DE56F2100441C04 /* Supporting Files */,
			);
			path = chardlol;
			sourceTree = "<group>";
		};
		8E4DD5CC1DE56F2100441C04 /* Supporting Files */ = {
			isa = PBXGroup;
			children = (
				8E4DD5CF1DE56F2100441C04 /* AppDelegate.h */,
				8E4DD5D01DE56F2100441C04 /* AppDelegate.m */,
				8E4DD5D81DE56F2100441C04 /* Assets.xcassets */,
				8E4DD5DA1DE56F2100441C04 /* LaunchScreen.storyboard */,
				8E4DD5DD1DE56F2100441C04 /* Info.plist */,
				8E4DD5CD1DE56F2100441C04 /* main.m */,
			);
			name = "Supporting Files";
			sourceTree = "<group>";
		};
		8E4DD5F31DE583E900441C04 /* ThirdLib */ = {
			isa = PBXGroup;
			children = (
				841A61211DF366EE0053717A /* AlertViews+Blocks */,
				8E389A591DEE790E006C4CBF /* SDCycleScrollView */,
				8E7FF9371DE81B800003482F /* SMPageControl */,
				8E7FF9301DE819FA0003482F /* RKSwipeBetweenViewControllers */,
				8E161B1D1DE590050070CA50 /* SDWebImage */,
				8E161AFE1DE588480070CA50 /* AFNetworking */,
			);
			path = ThirdLib;
			sourceTree = "<group>";
		};
		8E7FF90B1DE7D2DE0003482F /* Classes */ = {
			isa = PBXGroup;
			children = (
				841A60E41DEACD450053717A /* Custom */,
				8E389AAF1DF10BD7006C4CBF /* Home */,
				8E7FF9111DE7D2DE0003482F /* Recommend */,
				8E7FF9181DE7D2DE0003482F /* VideoCategory */,
				8E7FF90C1DE7D2DE0003482F /* Keeping */,
				8E7FF9161DE7D2DE0003482F /* SettingController.h */,
				8E7FF9171DE7D2DE0003482F /* SettingController.m */,
				847AA8371DE8885F007B3EF7 /* CHWebViewController.h */,
				847AA8381DE8885F007B3EF7 /* CHWebViewController.m */,
				8E389A4C1DED468C006C4CBF /* VideoListController.h */,
				8E389A4D1DED468C006C4CBF /* VideoListController.m */,
			);
			path = Classes;
			sourceTree = "<group>";
		};
		8E7FF90C1DE7D2DE0003482F /* Keeping */ = {
			isa = PBXGroup;
			children = (
				8E7FF90D1DE7D2DE0003482F /* KeepingController.h */,
				8E7FF90E1DE7D2DE0003482F /* KeepingController.m */,
				8E389A551DEE719F006C4CBF /* Model */,
				847AA8F01DE960BA007B3EF7 /* view */,
			);
			path = Keeping;
			sourceTree = "<group>";
		};
		8E7FF9111DE7D2DE0003482F /* Recommend */ = {
			isa = PBXGroup;
			children = (
				8E7FF9131DE7D2DE0003482F /* RecommendController.h */,
				8E7FF9141DE7D2DE0003482F /* RecommendController.m */,
				8E7FF9121DE7D2DE0003482F /* Model */,
				8E7FF9151DE7D2DE0003482F /* View */,
			);
			path = Recommend;
			sourceTree = "<group>";
		};
		8E7FF9121DE7D2DE0003482F /* Model */ = {
			isa = PBXGroup;
			children = (
				8E7FF92D1DE7DC300003482F /* RecommendModel.h */,
				8E7FF92E1DE7DC300003482F /* RecommendModel.m */,
			);
			path = Model;
			sourceTree = "<group>";
		};
		8E7FF9151DE7D2DE0003482F /* View */ = {
			isa = PBXGroup;
			children = (
				8E7FF92A1DE7DA710003482F /* RecommendCell.h */,
				8E7FF92B1DE7DA710003482F /* RecommendCell.m */,
			);
			path = View;
			sourceTree = "<group>";
		};
		8E7FF9181DE7D2DE0003482F /* VideoCategory */ = {
			isa = PBXGroup;
			children = (
				8E7FF9191DE7D2DE0003482F /* CategoryController.h */,
				8E7FF91A1DE7D2DE0003482F /* CategoryController.m */,
				8E7FF91B1DE7D2DE0003482F /* ComperesController.h */,
				8E7FF91C1DE7D2DE0003482F /* ComperesController.m */,
				8E7FF91D1DE7D2DE0003482F /* HeroesController.h */,
				8E7FF91E1DE7D2DE0003482F /* HeroesController.m */,
				8E389A4F1DED6018006C4CBF /* MatchViewController.h */,
				8E389A501DED6018006C4CBF /* MatchViewController.m */,
				8E7FF91F1DE7D2DE0003482F /* Model */,
				8E7FF9221DE7D2DE0003482F /* View */,
			);
			path = VideoCategory;
			sourceTree = "<group>";
		};
		8E7FF91F1DE7D2DE0003482F /* Model */ = {
			isa = PBXGroup;
			children = (
				8E7FF9201DE7D2DE0003482F /* HeroModel.h */,
				8E7FF9211DE7D2DE0003482F /* HeroModel.m */,
				8E389A491DED244D006C4CBF /* ComperesModel.h */,
				8E389A4A1DED244D006C4CBF /* ComperesModel.m */,
				8E389A521DED6AC0006C4CBF /* MatchModel.h */,
				8E389A531DED6AC0006C4CBF /* MatchModel.m */,
			);
			path = Model;
			sourceTree = "<group>";
		};
		8E7FF9221DE7D2DE0003482F /* View */ = {
			isa = PBXGroup;
			children = (
			);
			path = View;
			sourceTree = "<group>";
		};
		8E7FF9301DE819FA0003482F /* RKSwipeBetweenViewControllers */ = {
			isa = PBXGroup;
			children = (
				8E7FF9311DE819FA0003482F /* EasePageViewController.h */,
				8E7FF9321DE819FA0003482F /* EasePageViewController.m */,
				8E7FF9331DE819FA0003482F /* RKSwipeBetweenViewControllers.h */,
				8E7FF9341DE819FA0003482F /* RKSwipeBetweenViewControllers.m */,
			);
			path = RKSwipeBetweenViewControllers;
			sourceTree = "<group>";
		};
		8E7FF9371DE81B800003482F /* SMPageControl */ = {
			isa = PBXGroup;
			children = (
				8E7FF9381DE81B800003482F /* SMPageControl.h */,
				8E7FF9391DE81B800003482F /* SMPageControl.m */,
			);
			path = SMPageControl;
			sourceTree = "<group>";
		};
/* End PBXGroup section */

/* Begin PBXNativeTarget section */
		8E4DD5C81DE56F2100441C04 /* chardlol */ = {
			isa = PBXNativeTarget;
			buildConfigurationList = 8E4DD5E01DE56F2100441C04 /* Build configuration list for PBXNativeTarget "chardlol" */;
			buildPhases = (
				8E4DD5C51DE56F2100441C04 /* Sources */,
				8E4DD5C61DE56F2100441C04 /* Frameworks */,
				8E4DD5C71DE56F2100441C04 /* Resources */,
			);
			buildRules = (
			);
			dependencies = (
			);
			name = chardlol;
			productName = chardlol;
			productReference = 8E4DD5C91DE56F2100441C04 /* chardlol.app */;
			productType = "com.apple.product-type.application";
		};
/* End PBXNativeTarget section */

/* Begin PBXProject section */
		8E4DD5C11DE56F2100441C04 /* Project object */ = {
			isa = PBXProject;
			attributes = {
				LastUpgradeCheck = 0800;
				ORGANIZATIONNAME = com.chard;
				TargetAttributes = {
					8E4DD5C81DE56F2100441C04 = {
						CreatedOnToolsVersion = 8.0;
						DevelopmentTeam = XS4GBKTG77;
						ProvisioningStyle = Automatic;
					};
				};
			};
			buildConfigurationList = 8E4DD5C41DE56F2100441C04 /* Build configuration list for PBXProject "chardlol" */;
			compatibilityVersion = "Xcode 3.2";
			developmentRegion = English;
			hasScannedForEncodings = 0;
			knownRegions = (
				en,
				Base,
			);
			mainGroup = 8E4DD5C01DE56F2100441C04;
			productRefGroup = 8E4DD5CA1DE56F2100441C04 /* Products */;
			projectDirPath = "";
			projectRoot = "";
			targets = (
				8E4DD5C81DE56F2100441C04 /* chardlol */,
			);
		};
/* End PBXProject section */

/* Begin PBXResourcesBuildPhase section */
		8E4DD5C71DE56F2100441C04 /* Resources */ = {
			isa = PBXResourcesBuildPhase;
			buildActionMask = 2147483647;
			files = (
				8E4DD5DC1DE56F2100441C04 /* LaunchScreen.storyboard in Resources */,
				8E4DD5D91DE56F2100441C04 /* Assets.xcassets in Resources */,
			);
			runOnlyForDeploymentPostprocessing = 0;
		};
/* End PBXResourcesBuildPhase section */

/* Begin PBXSourcesBuildPhase section */
		8E4DD5C51DE56F2100441C04 /* Sources */ = {
			isa = PBXSourcesBuildPhase;
			buildActionMask = 2147483647;
			files = (
				8E4DD5D11DE56F2100441C04 /* AppDelegate.m in Sources */,
				8E7FF9281DE7D2DE0003482F /* HeroesController.m in Sources */,
				8E389A6A1DEE790E006C4CBF /* TAAnimatedDotView.m in Sources */,
				8E161B0D1DE588480070CA50 /* AFNetworkReachabilityManager.m in Sources */,
				8E161B581DE590050070CA50 /* UIImageView+HighlightedWebCache.m in Sources */,
				8E389ABA1DF16E4D006C4CBF /* TableViewCCell.m in Sources */,
				8E4DD5CE1DE56F2100441C04 /* main.m in Sources */,
				8E389A6E1DEE790E006C4CBF /* SDCycleScrollView.m in Sources */,
				8E161B4A1DE590050070CA50 /* NSData+ImageContentType.m in Sources */,
				8E161B521DE590050070CA50 /* SDWebImageManager.m in Sources */,
				8E7FF93A1DE81B800003482F /* SMPageControl.m in Sources */,
				841A60E71DEACD730053717A /* CHCustomCell.m in Sources */,
				8E389A4B1DED244D006C4CBF /* ComperesModel.m in Sources */,
				8E161B4F1DE590050070CA50 /* SDWebImageDecoder.m in Sources */,
				8E4DD5E51DE573FE00441C04 /* MainTabBarController.m in Sources */,
				8E161B5A1DE590050070CA50 /* UIView+WebCache.m in Sources */,
				8E389A511DED6018006C4CBF /* MatchViewController.m in Sources */,
				8E161B531DE590050070CA50 /* SDWebImagePrefetcher.m in Sources */,
				8E7FF9241DE7D2DE0003482F /* RecommendController.m in Sources */,
				841A61291DF366EE0053717A /* CRIButtonItem.m in Sources */,
				8E389A691DEE790E006C4CBF /* TAAbstractDotView.m in Sources */,
				8E389A6D1DEE790E006C4CBF /* SDCollectionViewCell.m in Sources */,
				8E7FF9271DE7D2DE0003482F /* ComperesController.m in Sources */,
				8E161B591DE590050070CA50 /* UIImageView+WebCache.m in Sources */,
				8E161B0E1DE588480070CA50 /* AFSecurityPolicy.m in Sources */,
				8E161B0F1DE588480070CA50 /* AFURLRequestSerialization.m in Sources */,
				8E161B551DE590050070CA50 /* UIImage+GIF.m in Sources */,
				8E389A581DEE71CE006C4CBF /* StrategyModel.m in Sources */,
				847AA8391DE8885F007B3EF7 /* CHWebViewController.m in Sources */,
				8E161B5B1DE590050070CA50 /* UIView+WebCacheOperation.m in Sources */,
				8E7FF9251DE7D2DE0003482F /* SettingController.m in Sources */,
				8E7FF9361DE819FA0003482F /* RKSwipeBetweenViewControllers.m in Sources */,
				8E161B571DE590050070CA50 /* UIImage+WebP.m in Sources */,
				8E161B4D1DE590050070CA50 /* SDImageCacheConfig.m in Sources */,
				8E161B4E1DE590050070CA50 /* SDWebImageCompat.m in Sources */,
				8E7FF9261DE7D2DE0003482F /* CategoryController.m in Sources */,
				8E7FF92C1DE7DA710003482F /* RecommendCell.m in Sources */,
				8E161B4B1DE590050070CA50 /* NSImage+WebCache.m in Sources */,
				8E161B501DE590050070CA50 /* SDWebImageDownloader.m in Sources */,
				841A612B1DF366EE0053717A /* UIAlertView+Blocks.m in Sources */,
				8E161B101DE588480070CA50 /* AFURLResponseSerialization.m in Sources */,
				841A61201DF354130053717A /* CHPlayerTool.m in Sources */,
				8E389A761DEEB47A006C4CBF /* AdManager.m in Sources */,
				8E161B561DE590050070CA50 /* UIImage+MultiFormat.m in Sources */,
				841A612A1DF366EE0053717A /* UIActionSheet+Blocks.m in Sources */,
				8E389A541DED6AC0006C4CBF /* MatchModel.m in Sources */,
				8E161B541DE590050070CA50 /* UIButton+WebCache.m in Sources */,
				8E7FF93D1DE83E830003482F /* AuthManager.m in Sources */,
				8E7FF9351DE819FA0003482F /* EasePageViewController.m in Sources */,
				8E389A6B1DEE790E006C4CBF /* TADotView.m in Sources */,
				8E7FF9231DE7D2DE0003482F /* KeepingController.m in Sources */,
				8E161B111DE588480070CA50 /* AFURLSessionManager.m in Sources */,
				841A612E1DF385870053717A /* CHAdHeaderCell.m in Sources */,
				8E161B491DE590050070CA50 /* MKAnnotationView+WebCache.m in Sources */,
				8E161B511DE590050070CA50 /* SDWebImageDownloaderOperation.m in Sources */,
				8E161B0C1DE588480070CA50 /* AFHTTPSessionManager.m in Sources */,
				8E7FF9291DE7D2DE0003482F /* HeroModel.m in Sources */,
				841A611D1DF2EC5A0053717A /* VideoModel.m in Sources */,
				8E389AB41DF10C0F006C4CBF /* HomeViewController.m in Sources */,
				8E389ABD1DF17D21006C4CBF /* CCellHeadView.m in Sources */,
				8E389A6F1DEE790E006C4CBF /* UIView+SDExtension.m in Sources */,
				8E389AB71DF120D3006C4CBF /* CHCollectionCell.m in Sources */,
				8E161B151DE588AF0070CA50 /* RequestTool.m in Sources */,
				8E7FF92F1DE7DC300003482F /* RecommendModel.m in Sources */,
				8E389A6C1DEE790E006C4CBF /* TAPageControl.m in Sources */,
				8E161B4C1DE590050070CA50 /* SDImageCache.m in Sources */,
				8E389A4E1DED468C006C4CBF /* VideoListController.m in Sources */,
			);
			runOnlyForDeploymentPostprocessing = 0;
		};
/* End PBXSourcesBuildPhase section */

/* Begin PBXVariantGroup section */
		8E4DD5DA1DE56F2100441C04 /* LaunchScreen.storyboard */ = {
			isa = PBXVariantGroup;
			children = (
				8E4DD5DB1DE56F2100441C04 /* Base */,
			);
			name = LaunchScreen.storyboard;
			sourceTree = "<group>";
		};
/* End PBXVariantGroup section */

/* Begin XCBuildConfiguration section */
		8E4DD5DE1DE56F2100441C04 /* Debug */ = {
			isa = XCBuildConfiguration;
			buildSettings = {
				ALWAYS_SEARCH_USER_PATHS = NO;
				CLANG_ANALYZER_NONNULL = YES;
				CLANG_CXX_LANGUAGE_STANDARD = "gnu++0x";
				CLANG_CXX_LIBRARY = "libc++";
				CLANG_ENABLE_MODULES = YES;
				CLANG_ENABLE_OBJC_ARC = YES;
				CLANG_WARN_BOOL_CONVERSION = YES;
				CLANG_WARN_CONSTANT_CONVERSION = YES;
				CLANG_WARN_DIRECT_OBJC_ISA_USAGE = YES_ERROR;
				CLANG_WARN_DOCUMENTATION_COMMENTS = YES;
				CLANG_WARN_EMPTY_BODY = YES;
				CLANG_WARN_ENUM_CONVERSION = YES;
				CLANG_WARN_INFINITE_RECURSION = YES;
				CLANG_WARN_INT_CONVERSION = YES;
				CLANG_WARN_OBJC_ROOT_CLASS = YES_ERROR;
				CLANG_WARN_SUSPICIOUS_MOVES = YES;
				CLANG_WARN_UNREACHABLE_CODE = YES;
				CLANG_WARN__DUPLICATE_METHOD_MATCH = YES;
				"CODE_SIGN_IDENTITY[sdk=iphoneos*]" = "iPhone Developer";
				COPY_PHASE_STRIP = NO;
				DEBUG_INFORMATION_FORMAT = dwarf;
				ENABLE_STRICT_OBJC_MSGSEND = YES;
				ENABLE_TESTABILITY = YES;
				GCC_C_LANGUAGE_STANDARD = gnu99;
				GCC_DYNAMIC_NO_PIC = NO;
				GCC_NO_COMMON_BLOCKS = YES;
				GCC_OPTIMIZATION_LEVEL = 0;
				GCC_PREPROCESSOR_DEFINITIONS = (
					"DEBUG=1",
					"$(inherited)",
				);
				GCC_WARN_64_TO_32_BIT_CONVERSION = YES;
				GCC_WARN_ABOUT_RETURN_TYPE = YES_ERROR;
				GCC_WARN_UNDECLARED_SELECTOR = YES;
				GCC_WARN_UNINITIALIZED_AUTOS = YES_AGGRESSIVE;
				GCC_WARN_UNUSED_FUNCTION = YES;
				GCC_WARN_UNUSED_VARIABLE = YES;
				IPHONEOS_DEPLOYMENT_TARGET = 10.0;
				MTL_ENABLE_DEBUG_INFO = YES;
				ONLY_ACTIVE_ARCH = YES;
				SDKROOT = iphoneos;
			};
			name = Debug;
		};
		8E4DD5DF1DE56F2100441C04 /* Release */ = {
			isa = XCBuildConfiguration;
			buildSettings = {
				ALWAYS_SEARCH_USER_PATHS = NO;
				CLANG_ANALYZER_NONNULL = YES;
				CLANG_CXX_LANGUAGE_STANDARD = "gnu++0x";
				CLANG_CXX_LIBRARY = "libc++";
				CLANG_ENABLE_MODULES = YES;
				CLANG_ENABLE_OBJC_ARC = YES;
				CLANG_WARN_BOOL_CONVERSION = YES;
				CLANG_WARN_CONSTANT_CONVERSION = YES;
				CLANG_WARN_DIRECT_OBJC_ISA_USAGE = YES_ERROR;
				CLANG_WARN_DOCUMENTATION_COMMENTS = YES;
				CLANG_WARN_EMPTY_BODY = YES;
				CLANG_WARN_ENUM_CONVERSION = YES;
				CLANG_WARN_INFINITE_RECURSION = YES;
				CLANG_WARN_INT_CONVERSION = YES;
				CLANG_WARN_OBJC_ROOT_CLASS = YES_ERROR;
				CLANG_WARN_SUSPICIOUS_MOVES = YES;
				CLANG_WARN_UNREACHABLE_CODE = YES;
				CLANG_WARN__DUPLICATE_METHOD_MATCH = YES;
				"CODE_SIGN_IDENTITY[sdk=iphoneos*]" = "iPhone Developer";
				COPY_PHASE_STRIP = NO;
				DEBUG_INFORMATION_FORMAT = "dwarf-with-dsym";
				ENABLE_NS_ASSERTIONS = NO;
				ENABLE_STRICT_OBJC_MSGSEND = YES;
				GCC_C_LANGUAGE_STANDARD = gnu99;
				GCC_NO_COMMON_BLOCKS = YES;
				GCC_WARN_64_TO_32_BIT_CONVERSION = YES;
				GCC_WARN_ABOUT_RETURN_TYPE = YES_ERROR;
				GCC_WARN_UNDECLARED_SELECTOR = YES;
				GCC_WARN_UNINITIALIZED_AUTOS = YES_AGGRESSIVE;
				GCC_WARN_UNUSED_FUNCTION = YES;
				GCC_WARN_UNUSED_VARIABLE = YES;
				IPHONEOS_DEPLOYMENT_TARGET = 10.0;
				MTL_ENABLE_DEBUG_INFO = NO;
				SDKROOT = iphoneos;
				VALIDATE_PRODUCT = YES;
			};
			name = Release;
		};
		8E4DD5E11DE56F2100441C04 /* Debug */ = {
			isa = XCBuildConfiguration;
			buildSettings = {
				ASSETCATALOG_COMPILER_APPICON_NAME = AppIcon;
				"CODE_SIGN_IDENTITY[sdk=iphoneos*]" = "iPhone Developer";
				DEVELOPMENT_TEAM = XS4GBKTG77;
				FRAMEWORK_SEARCH_PATHS = (
					/usr/lib/libxml2.tbd,
					"$(PROJECT_DIR)/chardlol",
				);
				GCC_VERSION = "";
				HEADER_SEARCH_PATHS = "$(SDKROOT)/usr/include/libxml2";
				INFOPLIST_FILE = chardlol/Info.plist;
				IPHONEOS_DEPLOYMENT_TARGET = 8.0;
				LD_RUNPATH_SEARCH_PATHS = "$(inherited) @executable_path/Frameworks";
				LIBRARY_SEARCH_PATHS = (
					"$(inherited)",
					"$(PROJECT_DIR)/chardlol/ThirdLib/WeixinActivity/Resources",
					"$(PROJECT_DIR)/chardlol/ThirdLib/WeixinActivity/Resources/OpenSDK1.7.5",
				);
				OTHER_LDFLAGS = "-lxml2";
				PRODUCT_BUNDLE_IDENTIFIER = chardlol;
				PRODUCT_NAME = "$(TARGET_NAME)";
				USER_HEADER_SEARCH_PATHS = "$(SDKROOT)/usr/include/libxml2";
			};
			name = Debug;
		};
		8E4DD5E21DE56F2100441C04 /* Release */ = {
			isa = XCBuildConfiguration;
			buildSettings = {
				ASSETCATALOG_COMPILER_APPICON_NAME = AppIcon;
				"CODE_SIGN_IDENTITY[sdk=iphoneos*]" = "iPhone Developer";
				DEVELOPMENT_TEAM = XS4GBKTG77;
				FRAMEWORK_SEARCH_PATHS = (
					/usr/lib/libxml2.tbd,
					"$(PROJECT_DIR)/chardlol",
				);
				GCC_VERSION = "";
				HEADER_SEARCH_PATHS = "$(SDKROOT)/usr/include/libxml2";
				INFOPLIST_FILE = chardlol/Info.plist;
				IPHONEOS_DEPLOYMENT_TARGET = 8.0;
				LD_RUNPATH_SEARCH_PATHS = "$(inherited) @executable_path/Frameworks";
				LIBRARY_SEARCH_PATHS = (
					"$(inherited)",
					"$(PROJECT_DIR)/chardlol/ThirdLib/WeixinActivity/Resources",
					"$(PROJECT_DIR)/chardlol/ThirdLib/WeixinActivity/Resources/OpenSDK1.7.5",
				);
				OTHER_LDFLAGS = "-lxml2";
				PRODUCT_BUNDLE_IDENTIFIER = chardlol;
				PRODUCT_NAME = "$(TARGET_NAME)";
				USER_HEADER_SEARCH_PATHS = "$(SDKROOT)/usr/include/libxml2";
			};
			name = Release;
		};
/* End XCBuildConfiguration section */

/* Begin XCConfigurationList section */
		8E4DD5C41DE56F2100441C04 /* Build configuration list for PBXProject "chardlol" */ = {
			isa = XCConfigurationList;
			buildConfigurations = (
				8E4DD5DE1DE56F2100441C04 /* Debug */,
				8E4DD5DF1DE56F2100441C04 /* Release */,
			);
			defaultConfigurationIsVisible = 0;
			defaultConfigurationName = Release;
		};
		8E4DD5E01DE56F2100441C04 /* Build configuration list for PBXNativeTarget "chardlol" */ = {
			isa = XCConfigurationList;
			buildConfigurations = (
				8E4DD5E11DE56F2100441C04 /* Debug */,
				8E4DD5E21DE56F2100441C04 /* Release */,
			);
			defaultConfigurationIsVisible = 0;
			defaultConfigurationName = Release;
		};
/* End XCConfigurationList section */
	};
	rootObject = 8E4DD5C11DE56F2100441C04 /* Project object */;
}
